{
    "name": "6502-js",
    "lockfileVersion": 3,
    "requires": true,
    "packages": {
        "": {
            "name": "6502-js",
            "dependencies": {
                "@glideapps/ts-necessities": "^2.4.0"
            },
            "devDependencies": {
                "@types/node": "^20.0.0"
            },
            "peerDependencies": {
                "typescript": "^5"
            }
        },
        "node_modules/@glideapps/ts-necessities": {
            "version": "2.4.0",
            "license": "MIT"
        },
        "node_modules/@types/node": {
            "version": "20.19.11",
            "resolved": "https://registry.npmjs.org/@types/node/-/node-20.19.11.tgz",
            "integrity": "sha512-uug3FEEGv0r+jrecvUUpbY8lLisvIjg6AAic6a2bSP5OEOLeJsDSnvhCDov7ipFFMXS3orMpzlmi0ZcuGkBbow==",
            "dev": true,
            "license": "MIT",
            "dependencies": {
                "undici-types": "~6.21.0"
            }
        },
        "node_modules/typescript": {
            "version": "5.8.3",
            "license": "Apache-2.0",
            "peer": true,
            "bin": {
                "tsc": "bin/tsc",
                "tsserver": "bin/tsserver"
            },
            "engines": {
                "node": ">=14.17"
            }
        },
        "node_modules/undici-types": {
            "version": "6.21.0",
            "dev": true,
            "license": "MIT"
        }
    }
}
